
Microsoft Visual Studio Solution File, Format Version 12.00
# Visual Studio Version 16
VisualStudioVersion = 16.0.30128.74
MinimumVisualStudioVersion = 10.0.40219.1
Project("{FAE04EC0-301F-11D3-BF4B-00C04F79EFBC}") = "AjandekLista", "AjandekLista\AjandekLista.csproj", "{DE541E3A-23F2-4C1E-B0F5-B645AE8000B0}"
EndProject
Global
	GlobalSection(SolutionConfigurationPlatforms) = preSolution
		Debug|Any CPU = Debug|Any CPU
		Release|Any CPU = Release|Any CPU
	EndGlobalSection
	GlobalSection(ProjectConfigurationPlatforms) = postSolution
		{DE541E3A-23F2-4C1E-B0F5-B645AE8000B0}.Debug|Any CPU.ActiveCfg = Debug|Any CPU
		{DE541E3A-23F2-4C1E-B0F5-B645AE8000B0}.Debug|Any CPU.Build.0 = Debug|Any CPU
		{DE541E3A-23F2-4C1E-B0F5-B645AE8000B0}.Release|Any CPU.ActiveCfg = Release|Any CPU
		{DE541E3A-23F2-4C1E-B0F5-B645AE8000B0}.Release|Any CPU.Build.0 = Release|Any CPU
	EndGlobalSection
	GlobalSection(SolutionProperties) = preSolution
		HideSolutionNode = FALSE
	EndGlobalSection
	GlobalSection(ExtensibilityGlobals) = postSolution
		SolutionGuid = {F24BCCD6-9E98-4A47-890B-F640A98077EB}
	EndGlobalSection
EndGlobal
